
Microsoft Visual Studio Solution File, Format Version 12.00
# Visual Studio Version 16
VisualStudioVersion = 16.0.31313.79
MinimumVisualStudioVersion = 10.0.40219.1
Project("{FAE04EC0-301F-11D3-BF4B-00C04F79EFBC}") = "Butian", "Butian.csproj", "{F7D4588A-9621-4118-A522-AF2D5FE34567}"
EndProject
Global
	GlobalSection(SolutionConfigurationPlatforms) = preSolution
		Debug|Any CPU = Debug|Any CPU
		Release|Any CPU = Release|Any CPU
	EndGlobalSection
	GlobalSection(ProjectConfigurationPlatforms) = postSolution
		{F7D4588A-9621-4118-A522-AF2D5FE34567}.Debug|Any CPU.ActiveCfg = Debug|Any CPU
		{F7D4588A-9621-4118-A522-AF2D5FE34567}.Debug|Any CPU.Build.0 = Debug|Any CPU
		{F7D4588A-9621-4118-A522-AF2D5FE34567}.Release|Any CPU.ActiveCfg = Release|Any CPU
		{F7D4588A-9621-4118-A522-AF2D5FE34567}.Release|Any CPU.Build.0 = Release|Any CPU
	EndGlobalSection
	GlobalSection(SolutionProperties) = preSolution
		HideSolutionNode = FALSE
	EndGlobalSection
	GlobalSection(ExtensibilityGlobals) = postSolution
		SolutionGuid = {01A19943-B4C2-4998-BD37-1EDC708BA8FD}
	EndGlobalSection
EndGlobal
